version = 1
revision = 3
requires-python = ">=3.12"

[[package]]
name = "mlx"
version = "0.32.2"
source = { registry = "https://pypi.org/simple" }
dependencies = [
    { name = "mlx-metal", marker = "sys_platform == 'darwin'" },
]
wheels = [
    { url = "https://files.pythonhosted.org/packages/38/f7/5664e13821491559c953494e6705c818203d6880d713a0c22e12bead9564/mlx-0.32.2-cp312-cp312-macosx_14_0_arm64.whl", hash = "sha256:77217798a2b036bae9f213b851d4cde4581893787c9964458b7d471f86036bd6", size = 619370, upload-time = "2026-08-25T10:31:44.235Z" },
    { url = "https://files.pythonhosted.org/packages/bc/be/c821eed5b7c13b42c114aec54c757545d6eeecce25d3212ea7d18dd79cfd/mlx-0.32.2-cp312-cp312-macosx_15_0_arm64.whl", hash = "sha256:cf63fd5c32258ab07523b06401c20ee2280bf56e26e991d05bf6fd8a4d42d1f6", size = 619376, upload-time = "2026-08-25T10:31:45.647Z" },
    { url = "https://files.pythonhosted.org/packages/0b/eb/af6b1a8b45f24d22e4735c52e0696c66233bd477e1b9e9dbbef225bdf88b/mlx-0.32.2-cp312-cp312-macosx_26_0_arm64.whl", hash = "sha256:68560fd648c5bb900aa6f6765cd74c5a8abaf092d97d73584a57b7545966c227", size = 619488, upload-time = "2026-08-25T10:31:47.485Z" },
    { url = "https://files.pythonhosted.org/packages/42/9c/1acf68f9d27d24bf1abeb0b2cff93155e93af81af2f3f08206f8a32bbf86/mlx-0.32.2-cp312-cp312-manylinux_2_35_aarch64.whl", hash = "sha256:48e8738b078eeb7bfde74931fc02d8aa9c32f05d3c0dbf97b5c3cbe0470fbddf", size = 680208, upload-time = "2026-08-25T10:31:48.93Z" },
    { url = "https://files.pythonhosted.org/packages/e2/3b/d8cf1d13dd2d434095818cc6d28211e00b891a4a58a07b5ad5f0529a8162/mlx-0.32.2-cp312-cp312-manylinux_2_35_x86_64.whl", hash = "sha256:8d270ade1e48e006383a6b5f33a3a4ec5c265389299a60a60bf55165af1770d9", size = 743277, upload-time = "2026-08-25T10:31:50.351Z" },
    { url = "https://files.pythonhosted.org/packages/11/3b/f191c8f7ed84d50370fa8e4d390ed747dddd148c03756c8b7d4f7feb9084/mlx-0.32.2-cp312-cp312-win_amd64.whl", hash = "sha256:6c615ad1c6877d7d38affe8526446955cd48d6796e871150f59145cf0d1a265d", size = 620981, upload-time = "2026-08-25T10:31:51.749Z" },
    { url = "https://files.pythonhosted.org/packages/6d/54/4b8b690a5322a92271214e49480d083f253ab48c81825ade92473828846f/mlx-0.32.2-cp312-cp312-win_arm64.whl", hash = "sha256:65beb9ce75153072808ef18913ecca3d929b87be5d7c1f57d9df391c04b6f957", size = 607910, upload-time = "2026-08-25T10:31:53.269Z" },
    { url = "https://files.pythonhosted.org/packages/5e/d7/0f9717acf577621ff0899f311eaa16abbfd2ee5a5c2156313f49d080cb5f/mlx-0.32.2-cp313-cp313-macosx_14_0_arm64.whl", hash = "sha256:65d3d29b66045ed8dd2d8e437c8770de325843c364f7b7c38cd8ae90a7eec854", size = 619420, upload-time = "2026-08-25T10:31:55.042Z" },
    { url = "https://files.pythonhosted.org/packages/2d/96/d333b83d04c31046d49d9e1f915c9da76eb264b8e4205bd36d428d09421f/mlx-0.32.2-cp313-cp313-macosx_15_0_arm64.whl", hash = "sha256:daebf84dfb857d70e87b1b98189a057e691e99a4a2b9f6f64cadebad917f8964", size = 619418, upload-time = "2026-08-25T10:31:56.722Z" },
    { url = "https://files.pythonhosted.org/packages/38/96/9db8e27f384d83d3816ec7392c7a2b375979c14509d7f345d1fa3d05cac8/mlx-0.32.2-cp313-cp313-macosx_26_0_arm64.whl", hash = "sha256:df8c75e509de868fca148dfeb38d92ce956eed386569c87caeb72bd16d2d6962", size = 619417, upload-time = "2026-08-25T10:31:58.569Z" },
    { url = "https://files.pythonhosted.org/packages/f7/24/0af50b41582fc138024d77a7b94bf8b4950fc2cad034dc55e3ce2d9c979a/mlx-0.32.2-cp313-cp313-manylinux_2_35_aarch64.whl", hash = "sha256:45857fadb381fea3db57d9681b04c987813fa883f3182ec9fb05bc56f468978a", size = 679976, upload-time = "2026-08-25T10:32:00.466Z" },
    { url = "https://files.pythonhosted.org/packages/5d/db/3c6c37077949963e67594b05fc817c1a40d7b6b236cb9e90b6811963859c/mlx-0.32.2-cp313-cp313-manylinux_2_35_x86_64.whl", hash = "sha256:583111ec13fedf63ddbfefda77dabd57168978f06474f5e5d2637180d154fcc4", size = 743284, upload-time = "2026-08-25T10:32:02.281Z" },
    { url = "https://files.pythonhosted.org/packages/49/62/cb8e0bb55a318e0745a2534f478d313b84cd8efc305c5f9e1aec633458f5/mlx-0.32.2-cp313-cp313-win_amd64.whl", hash = "sha256:50ced716f4ab860cbda9d65adf74877923fe26036c4e28d8f572ecec57621cfc", size = 621080, upload-time = "2026-08-25T10:32:03.911Z" },
    { url = "https://files.pythonhosted.org/packages/88/6a/f2107ecd8d4322a81b49b9607a2f5005e9cbcf9f6972d74ddf61c3c61cca/mlx-0.32.2-cp313-cp313-win_arm64.whl", hash = "sha256:fe813a4dee2daa6d5ac496ef25117034728c77fe26f713983a3b406eb6f4e8f0", size = 607858, upload-time = "2026-08-25T10:32:05.715Z" },
    { url = "https://files.pythonhosted.org/packages/bf/86/c574112fc8193c6e032c4be3a394361dfa283a57e276a76538fa8da341df/mlx-0.32.2-cp313-cp313t-macosx_14_0_arm64.whl", hash = "sha256:dc5eb3cc30d4285f2734c368442f717599e97294663441cb42959e3b856d6898", size = 645041, upload-time = "2026-08-25T10:32:07.218Z" },
    { url = "https://files.pythonhosted.org/packages/10/44/d50dd35a356323105f2d25aa5b463869e6dfe6e75cb2422e738472b6127a/mlx-0.32.2-cp313-cp313t-macosx_15_0_arm64.whl", hash = "sha256:c95a384de1a0c0ba18425344cad8ac87180e3c5c1921a42e2621475be5966bcf", size = 645042, upload-time = "2026-08-25T10:32:08.879Z" },
    { url = "https://files.pythonhosted.org/packages/0f/a3/9feb2ed4bb045cb077beed6fec309154e3a4ec71ce6a714e8487d133e355/mlx-0.32.2-cp313-cp313t-macosx_26_0_arm64.whl", hash = "sha256:bc69bd1062b97028ae6b79522ed0bd635a2b133fe3c398c03b66b060c20d9240", size = 644908, upload-time = "2026-08-25T10:32:10.487Z" },
    { url = "https://files.pythonhosted.org/packages/7d/bb/b351f3b2bad9c8e67a612f9bba4e9fadb0f85db3cfa7bff45d05edc0cf9c/mlx-0.32.2-cp313-cp313t-manylinux_2_35_aarch64.whl", hash = "sha256:9d21abe340403b6bf445e8494590a7341b655739088c92f178d7bd4241ba0110", size = 695201, upload-time = "2026-08-25T10:32:12.222Z" },
    { url = "https://files.pythonhosted.org/packages/09/b3/a32e9312380efa2a0821e6abcf905b603942146cf4fb2e883dc130acbe42/mlx-0.32.2-cp313-cp313t-manylinux_2_35_x86_64.whl", hash = "sha256:f6071e4973927966c12b3894deb75f4fcfc33300e0705312a80fdbbaa92a9c4f", size = 751133, upload-time = "2026-08-25T10:32:13.818Z" },
    { url = "https://files.pythonhosted.org/packages/40/8a/c480999b9efaba3adaafa43abfebec40d3a1c9aa808091d3fe0700935c4c/mlx-0.32.2-cp313-cp313t-win_amd64.whl", hash = "sha256:f77e47e6c1e176a61ec1bb1f9e74d874482eea6eb86ffb162a1f3e789c806453", size = 652120, upload-time = "2026-08-25T10:32:15.576Z" },
    { url = "https://files.pythonhosted.org/packages/9a/f8/291c026e2eea82cdcfc86ed71da6757ab82e419b3aa30603da4bd2be93b9/mlx-0.32.2-cp313-cp313t-win_arm64.whl", hash = "sha256:c7670ffb854c11e6776349a3797fa076d1a2a00290ebe2e9cfed8b60ca4a5db0", size = 625676, upload-time = "2026-08-25T10:32:16.982Z" },
    { url = "https://files.pythonhosted.org/packages/35/c8/d4f7c648d6ea7baee986047ca30647a5733df5b9c77bb0a262dc5aca0843/mlx-0.32.2-cp314-cp314-macosx_14_0_arm64.whl", hash = "sha256:c99e3b6451bb4a55071cf19594f564435bd88de77008f377e611a40a8bbfb328", size = 622061, upload-time = "2026-08-25T10:32:18.571Z" },
    { url = "https://files.pythonhosted.org/packages/f8/c8/6928f4b9ca8f190c7c7a19c0a67920aa1742c62c6e66b05f7a1e21da728c/mlx-0.32.2-cp314-cp314-macosx_15_0_arm64.whl", hash = "sha256:8fc433e35a7058e30f7a225c39fce06ba41394fe8e9fd67383b70f0b06de398c", size = 622061, upload-time = "2026-08-25T10:32:20.097Z" },
    { url = "https://files.pythonhosted.org/packages/ce/f0/4cb126cdfffb6d976fedba1dc276cb714e1a37d6f47527dc5deeaa8a8668/mlx-0.32.2-cp314-cp314-macosx_26_0_arm64.whl", hash = "sha256:3503617e3aa6a8e411df53236d5bca039fcca97556f1ade1c4e5cc8a64de52d2", size = 621985, upload-time = "2026-08-25T10:32:22.017Z" },
    { url = "https://files.pythonhosted.org/packages/55/f4/36f3d90117dfbc5d8d537165cfd134243965c4d3907eb176e8048b1f5217/mlx-0.32.2-cp314-cp314-manylinux_2_35_aarch64.whl", hash = "sha256:5304e5db83d982d88cac54449b34daf4e928646c6ded8799a171f6966cb253a6", size = 680961, upload-time = "2026-08-25T10:32:23.588Z" },
    { url = "https://files.pythonhosted.org/packages/0c/92/84c6d75147224d53210b0195cfaa7b92101c2b911a3b9dbee69df0f4b2c1/mlx-0.32.2-cp314-cp314-manylinux_2_35_x86_64.whl", hash = "sha256:c0abc76090607b3522faad3e73580c5c5aff12158074297647508d8ab2ec035d", size = 743220, upload-time = "2026-08-25T10:32:25.089Z" },
    { url = "https://files.pythonhosted.org/packages/7b/2e/a6bb6b24d9e124c922fdfab4850e9c89494982f5ff88ef0e3a14f007ae97/mlx-0.32.2-cp314-cp314-win_amd64.whl", hash = "sha256:2382f3be0f254eb44f7e8571e9e7ff60f88d55ac2f95d0a141d8f997e4f487f0", size = 636050, upload-time = "2026-08-25T10:32:26.568Z" },
    { url = "https://files.pythonhosted.org/packages/00/ab/384bffa6cd275381e1e2b682a7c81e1dbc3fa03a64d0a0e28bddabfb2d4c/mlx-0.32.2-cp314-cp314-win_arm64.whl", hash = "sha256:8668d79d528753ebcb05c3cb8c4fb7a34800bee3f67f216202402f1301f71866", size = 621366, upload-time = "2026-08-25T10:32:27.993Z" },
    { url = "https://files.pythonhosted.org/packages/13/5d/2eb0b70061ba2f82c5c0f9cff4d60f502c014b5e15c8ede9e47ecff7eda4/mlx-0.32.2-cp314-cp314t-macosx_14_0_arm64.whl", hash = "sha256:1a76fa10040ceb6b119f015e5edce7678387f2c73ec51818cfc1a22441910795", size = 645173, upload-time = "2026-08-25T10:32:29.865Z" },
    { url = "https://files.pythonhosted.org/packages/87/16/ab4dad1e575c7b44283754bb70f6a24b14f4cba646dc4c605b6c49a8a376/mlx-0.32.2-cp314-cp314t-macosx_15_0_arm64.whl", hash = "sha256:0007e4a071756c07c79f4762aa6ccc1d646da2621f5221f4467ee9419733e0e4", size = 645173, upload-time = "2026-08-25T10:32:31.392Z" },
    { url = "https://files.pythonhosted.org/packages/9c/8e/45e8796e4be713a0126cdbe9a57cd2a89e6e91b034f89e4f6c42bd3f15df/mlx-0.32.2-cp314-cp314t-macosx_26_0_arm64.whl", hash = "sha256:94f4bba2183f6875f5f6de3e78939da1471626f2458c16a7ae6b494df8899d8e", size = 645132, upload-time = "2026-08-25T10:32:33.21Z" },
    { url = "https://files.pythonhosted.org/packages/07/a4/75e347cb300db2dd697003425972b2edf253fd057662a34752920cc25ede/mlx-0.32.2-cp314-cp314t-manylinux_2_35_aarch64.whl", hash = "sha256:41f436cd8dd2e052ed0eba0cbc3b7aa65069aed294c74c636a00d14e85352fca", size = 695226, upload-time = "2026-08-25T10:32:34.745Z" },
    { url = "https://files.pythonhosted.org/packages/6e/1d/651010dcf9159a5ad79e60a91e5c9f497ca81f243cc7b017bcdc44c8875e/mlx-0.32.2-cp314-cp314t-manylinux_2_35_x86_64.whl", hash = "sha256:4a1738951f6209c7c6a7d45a1c0192217ddd76cf7285433e22677b7a98fc3f62", size = 751085, upload-time = "2026-08-25T10:32:36.325Z" },
    { url = "https://files.pythonhosted.org/packages/cf/47/7dd7a3fd333859601e191f1d75afefa64115c1ec4b6862d03ada300a8aa6/mlx-0.32.2-cp314-cp314t-win_amd64.whl", hash = "sha256:52e2912df37d5712947fafa1c9949da6a15c8cd5fa6eeb837aa42900a3619489", size = 672313, upload-time = "2026-08-25T10:32:37.689Z" },
    { url = "https://files.pythonhosted.org/packages/f2/ef/ea528d5f51c7cf072f3bdda60d654d94364bb405bd31e566687bebd7b899/mlx-0.32.2-cp314-cp314t-win_arm64.whl", hash = "sha256:b4e34c337403e788900dea304453b52760134716ce7ef9fef4553ffe6c6c456b", size = 638733, upload-time = "2026-08-25T10:32:39.192Z" },
]

[[package]]
name = "mlx-metal"
version = "0.32.2"
source = { registry = "https://pypi.org/simple" }
wheels = [
    { url = "https://files.pythonhosted.org/packages/f7/ab/ba1952908c5d2a5070cf1cfbfea0161c4751ea62299e2776819810917483/mlx_metal-0.32.2-py3-none-macosx_14_0_arm64.whl", hash = "sha256:3825fff379dbc107dd3413e564a06caeaa24819910ec49c0439e454c06a1b9b8", size = 42516623, upload-time = "2026-08-25T10:31:18.396Z" },
    { url = "https://files.pythonhosted.org/packages/79/ec/34f37376e26d537fadffb99af3a760d6545e37f5e1a30a552baadf237fc5/mlx_metal-0.32.2-py3-none-macosx_15_0_arm64.whl", hash = "sha256:55a369250d220b2cf10213a87a2ac1b1a420608c5b35b1df4e7147ac8e32f121", size = 42512323, upload-time = "2026-08-25T10:31:22.673Z" },
    { url = "https://files.pythonhosted.org/packages/dd/cd/4e50bf325100e7165e13d025f264362bf0009196269f9eaf87f2c6e738a2/mlx_metal-0.32.2-py3-none-macosx_26_0_arm64.whl", hash = "sha256:e6abeac9ac5265830c9c1541b6f96e9be37a85c2446763a46ad466c63a3837ab", size = 64367860, upload-time = "2026-08-25T10:31:28.056Z" },
]

[[package]]
name = "path"
version = "17.1.1"
source = { registry = "https://pypi.org/simple" }
sdist = { url = "https://files.pythonhosted.org/packages/dd/52/a7bdd5ef8488977d354b7915d1e75009bebbd04f73eff14e52372d5e9435/path-17.1.1.tar.gz", hash = "sha256:2dfcbfec8b4d960f3469c52acf133113c2a8bf12ac7b98d629fa91af87248d42", size = 50528, upload-time = "2025-07-27T20:40:23.79Z" }
wheels = [
    { url = "https://files.pythonhosted.org/packages/7c/50/11c9ee1ede64b45d687fd36eb8768dafc57afc78b4d83396920cfd69ed30/path-17.1.1-py3-none-any.whl", hash = "sha256:ec7e136df29172e5030dd07e037d55f676bdb29d15bfa09b80da29d07d3b9303", size = 23936, upload-time = "2025-07-27T20:40:22.453Z" },
]

[[package]]
name = "python-mlx-llm"
version = "0.1.0"
source = { editable = "." }
dependencies = [
    { name = "mlx" },
    { name = "path" },
]

[package.metadata]
requires-dist = [
    { name = "mlx", specifier = ">=0.32.2" },
    { name = "path", specifier = ">=17.1.1" },
]
